
Microsoft Visual Studio Solution File, Format Version 12.00
# Visual Studio 2017
Project("{FAE04EC0-301F-11D3-BF4B-00C04F79EFBC}") = "GPKGVissim.Plugins", "GPKGVissim.Plugins.csproj", "{398B879C-2426-CAFA-FA0D-7BB705D2D8EF}"
EndProject
Project("{FAE04EC0-301F-11D3-BF4B-00C04F79EFBC}") = "GPKGVissim", "GPKGVissim.csproj", "{FD8BBA90-4E0F-DE95-FE5A-8111FA6D0FDA}"
EndProject
Project("{FAE04EC0-301F-11D3-BF4B-00C04F79EFBC}") = "GPKGVissim.Editor.Plugins", "GPKGVissim.Editor.Plugins.csproj", "{A44574AA-30C8-04A9-248A-567DEEA2DB62}"
EndProject
Global
	GlobalSection(SolutionConfigurationPlatforms) = preSolution
		Debug|Any CPU = Debug|Any CPU
		Release|Any CPU = Release|Any CPU
	EndGlobalSection
	GlobalSection(ProjectConfigurationPlatforms) = postSolution
		{398B879C-2426-CAFA-FA0D-7BB705D2D8EF}.Debug|Any CPU.ActiveCfg = Debug|Any CPU
		{398B879C-2426-CAFA-FA0D-7BB705D2D8EF}.Debug|Any CPU.Build.0 = Debug|Any CPU
		{398B879C-2426-CAFA-FA0D-7BB705D2D8EF}.Release|Any CPU.ActiveCfg = Release|Any CPU
		{398B879C-2426-CAFA-FA0D-7BB705D2D8EF}.Release|Any CPU.Build.0 = Release|Any CPU
		{FD8BBA90-4E0F-DE95-FE5A-8111FA6D0FDA}.Debug|Any CPU.ActiveCfg = Debug|Any CPU
		{FD8BBA90-4E0F-DE95-FE5A-8111FA6D0FDA}.Debug|Any CPU.Build.0 = Debug|Any CPU
		{FD8BBA90-4E0F-DE95-FE5A-8111FA6D0FDA}.Release|Any CPU.ActiveCfg = Release|Any CPU
		{FD8BBA90-4E0F-DE95-FE5A-8111FA6D0FDA}.Release|Any CPU.Build.0 = Release|Any CPU
		{A44574AA-30C8-04A9-248A-567DEEA2DB62}.Debug|Any CPU.ActiveCfg = Debug|Any CPU
		{A44574AA-30C8-04A9-248A-567DEEA2DB62}.Debug|Any CPU.Build.0 = Debug|Any CPU
		{A44574AA-30C8-04A9-248A-567DEEA2DB62}.Release|Any CPU.ActiveCfg = Release|Any CPU
		{A44574AA-30C8-04A9-248A-567DEEA2DB62}.Release|Any CPU.Build.0 = Release|Any CPU
	EndGlobalSection
	GlobalSection(SolutionProperties) = preSolution
		HideSolutionNode = FALSE
	EndGlobalSection
EndGlobal
